
Microsoft Visual Studio Solution File, Format Version 12.00
# Visual Studio Version 16
VisualStudioVersion = 16.0.31515.178
MinimumVisualStudioVersion = 10.0.40219.1
Project("{FAE04EC0-301F-11D3-BF4B-00C04F79EFBC}") = "Final Project", "Final Project\Final Project.csproj", "{C66C6D9D-0D3E-483C-9D82-D69B2A1DEE6A}"
EndProject
Global
	GlobalSection(SolutionConfigurationPlatforms) = preSolution
		Debug|Any CPU = Debug|Any CPU
		Release|Any CPU = Release|Any CPU
	EndGlobalSection
	GlobalSection(ProjectConfigurationPlatforms) = postSolution
		{C66C6D9D-0D3E-483C-9D82-D69B2A1DEE6A}.Debug|Any CPU.ActiveCfg = Debug|Any CPU
		{C66C6D9D-0D3E-483C-9D82-D69B2A1DEE6A}.Debug|Any CPU.Build.0 = Debug|Any CPU
		{C66C6D9D-0D3E-483C-9D82-D69B2A1DEE6A}.Release|Any CPU.ActiveCfg = Release|Any CPU
		{C66C6D9D-0D3E-483C-9D82-D69B2A1DEE6A}.Release|Any CPU.Build.0 = Release|Any CPU
	EndGlobalSection
	GlobalSection(SolutionProperties) = preSolution
		HideSolutionNode = FALSE
	EndGlobalSection
	GlobalSection(ExtensibilityGlobals) = postSolution
		SolutionGuid = {4DF5B368-8392-4E01-9A99-B890C61B876C}
	EndGlobalSection
EndGlobal
